// !$*UTF8*$!
{
	archiveVersion = 1;
	classes = {
	};
	objectVersion = 50;
	objects = {

/* Begin PBXBuildFile section */
		161CE2C9265CBB8B00A459A4 /* ExpItems.xcdatamodeld in Sources */ = {isa = PBXBuildFile; fileRef = 161CE2C7265CBB8B00A459A4 /* ExpItems.xcdatamodeld */; };
		161CE2CC265CBC2800A459A4 /* Persistence.swift in Sources */ = {isa = PBXBuildFile; fileRef = 161CE2CB265CBC2800A459A4 /* Persistence.swift */; };
		16FC31DF264EBC9A0084C18A /* FinancesSwiftUIApp.swift in Sources */ = {isa = PBXBuildFile; fileRef = 16FC31DE264EBC9A0084C18A /* FinancesSwiftUIApp.swift */; };
		16FC31E1264EBC9A0084C18A /* ContentView.swift in Sources */ = {isa = PBXBuildFile; fileRef = 16FC31E0264EBC9A0084C18A /* ContentView.swift */; };
		16FC31E3264EBC9F0084C18A /* Assets.xcassets in Resources */ = {isa = PBXBuildFile; fileRef = 16FC31E2264EBC9F0084C18A /* Assets.xcassets */; };
		16FC31E6264EBC9F0084C18A /* Preview Assets.xcassets in Resources */ = {isa = PBXBuildFile; fileRef = 16FC31E5264EBC9F0084C18A /* Preview Assets.xcassets */; };
		16FC31F0264EBE350084C18A /* CategoryButton.swift in Sources */ = {isa = PBXBuildFile; fileRef = 16FC31EF264EBE350084C18A /* CategoryButton.swift */; };
		16FC31F5264EC6B00084C18A /* HeaderView.swift in Sources */ = {isa = PBXBuildFile; fileRef = 16FC31F4264EC6B00084C18A /* HeaderView.swift */; };
		16FC31F8264EC8390084C18A /* AddButtonView.swift in Sources */ = {isa = PBXBuildFile; fileRef = 16FC31F7264EC8390084C18A /* AddButtonView.swift */; };
		16FC31FF264ECA710084C18A /* AddItemView.swift in Sources */ = {isa = PBXBuildFile; fileRef = 16FC31FE264ECA710084C18A /* AddItemView.swift */; };
		16FC3204264ECB630084C18A /* CategoryView.swift in Sources */ = {isa = PBXBuildFile; fileRef = 16FC3203264ECB630084C18A /* CategoryView.swift */; };
		16FC3212264ED6C20084C18A /* Constants.swift in Sources */ = {isa = PBXBuildFile; fileRef = 16FC3211264ED6C20084C18A /* Constants.swift */; };
		16FC3215264ED79C0084C18A /* Expense.swift in Sources */ = {isa = PBXBuildFile; fileRef = 16FC3214264ED79C0084C18A /* Expense.swift */; };
		16FC3218264EDEE10084C18A /* ExpenseRowView.swift in Sources */ = {isa = PBXBuildFile; fileRef = 16FC3217264EDEE10084C18A /* ExpenseRowView.swift */; };
		887F19D12845C61400EBEFCC /* Defaults.plist in Resources */ = {isa = PBXBuildFile; fileRef = 887F19D02845C61400EBEFCC /* Defaults.plist */; };
/* End PBXBuildFile section */

/* Begin PBXFileReference section */
		161CE2C8265CBB8B00A459A4 /* ExpItems.xcdatamodel */ = {isa = PBXFileReference; lastKnownFileType = wrapper.xcdatamodel; path = ExpItems.xcdatamodel; sourceTree = "<group>"; };
		161CE2CB265CBC2800A459A4 /* Persistence.swift */ = {isa = PBXFileReference; lastKnownFileType = sourcecode.swift; path = Persistence.swift; sourceTree = "<group>"; };
		16FC31DB264EBC9A0084C18A /* FinancesSwiftUI.app */ = {isa = PBXFileReference; explicitFileType = wrapper.application; includeInIndex = 0; path = FinancesSwiftUI.app; sourceTree = BUILT_PRODUCTS_DIR; };
		16FC31DE264EBC9A0084C18A /* FinancesSwiftUIApp.swift */ = {isa = PBXFileReference; lastKnownFileType = sourcecode.swift; path = FinancesSwiftUIApp.swift; sourceTree = "<group>"; };
		16FC31E0264EBC9A0084C18A /* ContentView.swift */ = {isa = PBXFileReference; lastKnownFileType = sourcecode.swift; path = ContentView.swift; sourceTree = "<group>"; };
		16FC31E2264EBC9F0084C18A /* Assets.xcassets */ = {isa = PBXFileReference; lastKnownFileType = folder.assetcatalog; path = Assets.xcassets; sourceTree = "<group>"; };
		16FC31E5264EBC9F0084C18A /* Preview Assets.xcassets */ = {isa = PBXFileReference; lastKnownFileType = folder.assetcatalog; path = "Preview Assets.xcassets"; sourceTree = "<group>"; };
		16FC31E7264EBC9F0084C18A /* Info.plist */ = {isa = PBXFileReference; lastKnownFileType = text.plist.xml; path = Info.plist; sourceTree = "<group>"; };
		16FC31EF264EBE350084C18A /* CategoryButton.swift */ = {isa = PBXFileReference; lastKnownFileType = sourcecode.swift; path = CategoryButton.swift; sourceTree = "<group>"; };
		16FC31F4264EC6B00084C18A /* HeaderView.swift */ = {isa = PBXFileReference; lastKnownFileType = sourcecode.swift; path = HeaderView.swift; sourceTree = "<group>"; };
		16FC31F7264EC8390084C18A /* AddButtonView.swift */ = {isa = PBXFileReference; lastKnownFileType = sourcecode.swift; path = AddButtonView.swift; sourceTree = "<group>"; };
		16FC31FE264ECA710084C18A /* AddItemView.swift */ = {isa = PBXFileReference; lastKnownFileType = sourcecode.swift; path = AddItemView.swift; sourceTree = "<group>"; };
		16FC3203264ECB630084C18A /* CategoryView.swift */ = {isa = PBXFileReference; lastKnownFileType = sourcecode.swift; path = CategoryView.swift; sourceTree = "<group>"; };
		16FC3211264ED6C20084C18A /* Constants.swift */ = {isa = PBXFileReference; lastKnownFileType = sourcecode.swift; path = Constants.swift; sourceTree = "<group>"; };
		16FC3214264ED79C0084C18A /* Expense.swift */ = {isa = PBXFileReference; lastKnownFileType = sourcecode.swift; path = Expense.swift; sourceTree = "<group>"; };
		16FC3217264EDEE10084C18A /* ExpenseRowView.swift */ = {isa = PBXFileReference; lastKnownFileType = sourcecode.swift; path = ExpenseRowView.swift; sourceTree = "<group>"; };
		887F19D02845C61400EBEFCC /* Defaults.plist */ = {isa = PBXFileReference; lastKnownFileType = text.plist.xml; path = Defaults.plist; sourceTree = "<group>"; };
/* End PBXFileReference section */

/* Begin PBXFrameworksBuildPhase section */
		16FC31D8264EBC9A0084C18A /* Frameworks */ = {
			isa = PBXFrameworksBuildPhase;
			buildActionMask = 2147483647;
			files = (
			);
			runOnlyForDeploymentPostprocessing = 0;
		};
/* End PBXFrameworksBuildPhase section */

/* Begin PBXGroup section */
		16FC31D2264EBC9A0084C18A = {
			isa = PBXGroup;
			children = (
				16FC31DD264EBC9A0084C18A /* FinancesSwiftUI */,
				16FC31DC264EBC9A0084C18A /* Products */,
			);
			sourceTree = "<group>";
		};
		16FC31DC264EBC9A0084C18A /* Products */ = {
			isa = PBXGroup;
			children = (
				16FC31DB264EBC9A0084C18A /* FinancesSwiftUI.app */,
			);
			name = Products;
			sourceTree = "<group>";
		};
		16FC31DD264EBC9A0084C18A /* FinancesSwiftUI */ = {
			isa = PBXGroup;
			children = (
				887F19D02845C61400EBEFCC /* Defaults.plist */,
				16FC322B265CB24C0084C18A /* App */,
				16FC320B264ED69D0084C18A /* Models */,
				16FC31EE264EBE240084C18A /* Views */,
				16FC31E4264EBC9F0084C18A /* Preview Content */,
			);
			path = FinancesSwiftUI;
			sourceTree = "<group>";
		};
		16FC31E4264EBC9F0084C18A /* Preview Content */ = {
			isa = PBXGroup;
			children = (
				16FC31E5264EBC9F0084C18A /* Preview Assets.xcassets */,
			);
			path = "Preview Content";
			sourceTree = "<group>";
		};
		16FC31EE264EBE240084C18A /* Views */ = {
			isa = PBXGroup;
			children = (
				16FC3201264ECB2D0084C18A /* Buttons */,
				16FC31E0264EBC9A0084C18A /* ContentView.swift */,
				16FC31F4264EC6B00084C18A /* HeaderView.swift */,
				16FC31FE264ECA710084C18A /* AddItemView.swift */,
				16FC3203264ECB630084C18A /* CategoryView.swift */,
				16FC3217264EDEE10084C18A /* ExpenseRowView.swift */,
			);
			path = Views;
			sourceTree = "<group>";
		};
		16FC3201264ECB2D0084C18A /* Buttons */ = {
			isa = PBXGroup;
			children = (
				16FC31EF264EBE350084C18A /* CategoryButton.swift */,
				16FC31F7264EC8390084C18A /* AddButtonView.swift */,
			);
			path = Buttons;
			sourceTree = "<group>";
		};
		16FC320B264ED69D0084C18A /* Models */ = {
			isa = PBXGroup;
			children = (
				16FC3211264ED6C20084C18A /* Constants.swift */,
				16FC3214264ED79C0084C18A /* Expense.swift */,
			);
			path = Models;
			sourceTree = "<group>";
		};
		16FC322B265CB24C0084C18A /* App */ = {
			isa = PBXGroup;
			children = (
				16FC31DE264EBC9A0084C18A /* FinancesSwiftUIApp.swift */,
				16FC31E2264EBC9F0084C18A /* Assets.xcassets */,
				16FC31E7264EBC9F0084C18A /* Info.plist */,
				161CE2C7265CBB8B00A459A4 /* ExpItems.xcdatamodeld */,
				161CE2CB265CBC2800A459A4 /* Persistence.swift */,
			);
			path = App;
			sourceTree = "<group>";
		};
/* End PBXGroup section */

/* Begin PBXNativeTarget section */
		16FC31DA264EBC9A0084C18A /* FinancesSwiftUI */ = {
			isa = PBXNativeTarget;
			buildConfigurationList = 16FC31EA264EBC9F0084C18A /* Build configuration list for PBXNativeTarget "FinancesSwiftUI" */;
			buildPhases = (
				16FC31D7264EBC9A0084C18A /* Sources */,
				16FC31D8264EBC9A0084C18A /* Frameworks */,
				16FC31D9264EBC9A0084C18A /* Resources */,
			);
			buildRules = (
			);
			dependencies = (
			);
			name = FinancesSwiftUI;
			productName = FinancesSwiftUI;
			productReference = 16FC31DB264EBC9A0084C18A /* FinancesSwiftUI.app */;
			productType = "com.apple.product-type.application";
		};
/* End PBXNativeTarget section */

/* Begin PBXProject section */
		16FC31D3264EBC9A0084C18A /* Project object */ = {
			isa = PBXProject;
			attributes = {
				LastSwiftUpdateCheck = 1230;
				LastUpgradeCheck = 1230;
				TargetAttributes = {
					16FC31DA264EBC9A0084C18A = {
						CreatedOnToolsVersion = 12.3;
					};
				};
			};
			buildConfigurationList = 16FC31D6264EBC9A0084C18A /* Build configuration list for PBXProject "FinancesSwiftUI" */;
			compatibilityVersion = "Xcode 9.3";
			developmentRegion = en;
			hasScannedForEncodings = 0;
			knownRegions = (
				en,
				Base,
			);
			mainGroup = 16FC31D2264EBC9A0084C18A;
			productRefGroup = 16FC31DC264EBC9A0084C18A /* Products */;
			projectDirPath = "";
			projectRoot = "";
			targets = (
				16FC31DA264EBC9A0084C18A /* FinancesSwiftUI */,
			);
		};
/* End PBXProject section */

/* Begin PBXResourcesBuildPhase section */
		16FC31D9264EBC9A0084C18A /* Resources */ = {
			isa = PBXResourcesBuildPhase;
			buildActionMask = 2147483647;
			files = (
				16FC31E6264EBC9F0084C18A /* Preview Assets.xcassets in Resources */,
				16FC31E3264EBC9F0084C18A /* Assets.xcassets in Resources */,
				887F19D12845C61400EBEFCC /* Defaults.plist in Resources */,
			);
			runOnlyForDeploymentPostprocessing = 0;
		};
/* End PBXResourcesBuildPhase section */

/* Begin PBXSourcesBuildPhase section */
		16FC31D7264EBC9A0084C18A /* Sources */ = {
			isa = PBXSourcesBuildPhase;
			buildActionMask = 2147483647;
			files = (
				16FC31F0264EBE350084C18A /* CategoryButton.swift in Sources */,
				16FC3204264ECB630084C18A /* CategoryView.swift in Sources */,
				16FC31FF264ECA710084C18A /* AddItemView.swift in Sources */,
				16FC31E1264EBC9A0084C18A /* ContentView.swift in Sources */,
				16FC31DF264EBC9A0084C18A /* FinancesSwiftUIApp.swift in Sources */,
				16FC31F8264EC8390084C18A /* AddButtonView.swift in Sources */,
				161CE2CC265CBC2800A459A4 /* Persistence.swift in Sources */,
				16FC3218264EDEE10084C18A /* ExpenseRowView.swift in Sources */,
				161CE2C9265CBB8B00A459A4 /* ExpItems.xcdatamodeld in Sources */,
				16FC3215264ED79C0084C18A /* Expense.swift in Sources */,
				16FC31F5264EC6B00084C18A /* HeaderView.swift in Sources */,
				16FC3212264ED6C20084C18A /* Constants.swift in Sources */,
			);
			runOnlyForDeploymentPostprocessing = 0;
		};
/* End PBXSourcesBuildPhase section */

/* Begin XCBuildConfiguration section */
		16FC31E8264EBC9F0084C18A /* Debug */ = {
			isa = XCBuildConfiguration;
			buildSettings = {
				ALWAYS_SEARCH_USER_PATHS = NO;
				CLANG_ANALYZER_NONNULL = YES;
				CLANG_ANALYZER_NUMBER_OBJECT_CONVERSION = YES_AGGRESSIVE;
				CLANG_CXX_LANGUAGE_STANDARD = "gnu++14";
				CLANG_CXX_LIBRARY = "libc++";
				CLANG_ENABLE_MODULES = YES;
				CLANG_ENABLE_OBJC_ARC = YES;
				CLANG_ENABLE_OBJC_WEAK = YES;
				CLANG_WARN_BLOCK_CAPTURE_AUTORELEASING = YES;
				CLANG_WARN_BOOL_CONVERSION = YES;
				CLANG_WARN_COMMA = YES;
				CLANG_WARN_CONSTANT_CONVERSION = YES;
				CLANG_WARN_DEPRECATED_OBJC_IMPLEMENTATIONS = YES;
				CLANG_WARN_DIRECT_OBJC_ISA_USAGE = YES_ERROR;
				CLANG_WARN_DOCUMENTATION_COMMENTS = YES;
				CLANG_WARN_EMPTY_BODY = YES;
				CLANG_WARN_ENUM_CONVERSION = YES;
				CLANG_WARN_INFINITE_RECURSION = YES;
				CLANG_WARN_INT_CONVERSION = YES;
				CLANG_WARN_NON_LITERAL_NULL_CONVERSION = YES;
				CLANG_WARN_OBJC_IMPLICIT_RETAIN_SELF = YES;
				CLANG_WARN_OBJC_LITERAL_CONVERSION = YES;
				CLANG_WARN_OBJC_ROOT_CLASS = YES_ERROR;
				CLANG_WARN_QUOTED_INCLUDE_IN_FRAMEWORK_HEADER = YES;
				CLANG_WARN_RANGE_LOOP_ANALYSIS = YES;
				CLANG_WARN_STRICT_PROTOTYPES = YES;
				CLANG_WARN_SUSPICIOUS_MOVE = YES;
				CLANG_WARN_UNGUARDED_AVAILABILITY = YES_AGGRESSIVE;
				CLANG_WARN_UNREACHABLE_CODE = YES;
				CLANG_WARN__DUPLICATE_METHOD_MATCH = YES;
				COPY_PHASE_STRIP = NO;
				DEBUG_INFORMATION_FORMAT = dwarf;
				DEVELOPMENT_TEAM = 7GRM878X7P;
				ENABLE_STRICT_OBJC_MSGSEND = YES;
				ENABLE_TESTABILITY = YES;
				GCC_C_LANGUAGE_STANDARD = gnu11;
				GCC_DYNAMIC_NO_PIC = NO;
				GCC_NO_COMMON_BLOCKS = YES;
				GCC_OPTIMIZATION_LEVEL = 0;
				GCC_PREPROCESSOR_DEFINITIONS = (
					"DEBUG=1",
					"$(inherited)",
				);
				GCC_WARN_64_TO_32_BIT_CONVERSION = YES;
				GCC_WARN_ABOUT_RETURN_TYPE = YES_ERROR;
				GCC_WARN_UNDECLARED_SELECTOR = YES;
				GCC_WARN_UNINITIALIZED_AUTOS = YES_AGGRESSIVE;
				GCC_WARN_UNUSED_FUNCTION = YES;
				GCC_WARN_UNUSED_VARIABLE = YES;
				IPHONEOS_DEPLOYMENT_TARGET = 14.3;
				MTL_ENABLE_DEBUG_INFO = INCLUDE_SOURCE;
				MTL_FAST_MATH = YES;
				ONLY_ACTIVE_ARCH = YES;
				SDKROOT = iphoneos;
				SWIFT_ACTIVE_COMPILATION_CONDITIONS = DEBUG;
				SWIFT_OPTIMIZATION_LEVEL = "-Onone";
			};
			name = Debug;
		};
		16FC31E9264EBC9F0084C18A /* Release */ = {
			isa = XCBuildConfiguration;
			buildSettings = {
				ALWAYS_SEARCH_USER_PATHS = NO;
				CLANG_ANALYZER_NONNULL = YES;
				CLANG_ANALYZER_NUMBER_OBJECT_CONVERSION = YES_AGGRESSIVE;
				CLANG_CXX_LANGUAGE_STANDARD = "gnu++14";
				CLANG_CXX_LIBRARY = "libc++";
				CLANG_ENABLE_MODULES = YES;
				CLANG_ENABLE_OBJC_ARC = YES;
				CLANG_ENABLE_OBJC_WEAK = YES;
				CLANG_WARN_BLOCK_CAPTURE_AUTORELEASING = YES;
				CLANG_WARN_BOOL_CONVERSION = YES;
				CLANG_WARN_COMMA = YES;
				CLANG_WARN_CONSTANT_CONVERSION = YES;
				CLANG_WARN_DEPRECATED_OBJC_IMPLEMENTATIONS = YES;
				CLANG_WARN_DIRECT_OBJC_ISA_USAGE = YES_ERROR;
				CLANG_WARN_DOCUMENTATION_COMMENTS = YES;
				CLANG_WARN_EMPTY_BODY = YES;
				CLANG_WARN_ENUM_CONVERSION = YES;
				CLANG_WARN_INFINITE_RECURSION = YES;
				CLANG_WARN_INT_CONVERSION = YES;
				CLANG_WARN_NON_LITERAL_NULL_CONVERSION = YES;
				CLANG_WARN_OBJC_IMPLICIT_RETAIN_SELF = YES;
				CLANG_WARN_OBJC_LITERAL_CONVERSION = YES;
				CLANG_WARN_OBJC_ROOT_CLASS = YES_ERROR;
				CLANG_WARN_QUOTED_INCLUDE_IN_FRAMEWORK_HEADER = YES;
				CLANG_WARN_RANGE_LOOP_ANALYSIS = YES;
				CLANG_WARN_STRICT_PROTOTYPES = YES;
				CLANG_WARN_SUSPICIOUS_MOVE = YES;
				CLANG_WARN_UNGUARDED_AVAILABILITY = YES_AGGRESSIVE;
				CLANG_WARN_UNREACHABLE_CODE = YES;
				CLANG_WARN__DUPLICATE_METHOD_MATCH = YES;
				COPY_PHASE_STRIP = NO;
				DEBUG_INFORMATION_FORMAT = "dwarf-with-dsym";
				DEVELOPMENT_TEAM = 7GRM878X7P;
				ENABLE_NS_ASSERTIONS = NO;
				ENABLE_STRICT_OBJC_MSGSEND = YES;
				GCC_C_LANGUAGE_STANDARD = gnu11;
				GCC_NO_COMMON_BLOCKS = YES;
				GCC_WARN_64_TO_32_BIT_CONVERSION = YES;
				GCC_WARN_ABOUT_RETURN_TYPE = YES_ERROR;
				GCC_WARN_UNDECLARED_SELECTOR = YES;
				GCC_WARN_UNINITIALIZED_AUTOS = YES_AGGRESSIVE;
				GCC_WARN_UNUSED_FUNCTION = YES;
				GCC_WARN_UNUSED_VARIABLE = YES;
				IPHONEOS_DEPLOYMENT_TARGET = 14.3;
				MTL_ENABLE_DEBUG_INFO = NO;
				MTL_FAST_MATH = YES;
				SDKROOT = iphoneos;
				SWIFT_COMPILATION_MODE = wholemodule;
				SWIFT_OPTIMIZATION_LEVEL = "-O";
				VALIDATE_PRODUCT = YES;
			};
			name = Release;
		};
		16FC31EB264EBC9F0084C18A /* Debug */ = {
			isa = XCBuildConfiguration;
			buildSettings = {
				ASSETCATALOG_COMPILER_APPICON_NAME = AppIcon;
				ASSETCATALOG_COMPILER_GLOBAL_ACCENT_COLOR_NAME = AccentColor;
				CODE_SIGN_STYLE = Automatic;
				DEVELOPMENT_ASSET_PATHS = "\"FinancesSwiftUI/Preview Content\"";
				DEVELOPMENT_TEAM = 7GRM878X7P;
				ENABLE_PREVIEWS = YES;
				INFOPLIST_FILE = FinancesSwiftUI/App/Info.plist;
				IPHONEOS_DEPLOYMENT_TARGET = 14.0;
				LD_RUNPATH_SEARCH_PATHS = (
					"$(inherited)",
					"@executable_path/Frameworks",
				);
				PRODUCT_BUNDLE_IDENTIFIER = com.jacobmyers.FinancesSwiftUI;
				PRODUCT_NAME = "$(TARGET_NAME)";
				SWIFT_VERSION = 5.0;
				TARGETED_DEVICE_FAMILY = "1,2";
			};
			name = Debug;
		};
		16FC31EC264EBC9F0084C18A /* Release */ = {
			isa = XCBuildConfiguration;
			buildSettings = {
				ASSETCATALOG_COMPILER_APPICON_NAME = AppIcon;
				ASSETCATALOG_COMPILER_GLOBAL_ACCENT_COLOR_NAME = AccentColor;
				CODE_SIGN_STYLE = Automatic;
				DEVELOPMENT_ASSET_PATHS = "\"FinancesSwiftUI/Preview Content\"";
				DEVELOPMENT_TEAM = 7GRM878X7P;
				ENABLE_PREVIEWS = YES;
				INFOPLIST_FILE = FinancesSwiftUI/App/Info.plist;
				IPHONEOS_DEPLOYMENT_TARGET = 14.0;
				LD_RUNPATH_SEARCH_PATHS = (
					"$(inherited)",
					"@executable_path/Frameworks",
				);
				PRODUCT_BUNDLE_IDENTIFIER = com.jacobmyers.FinancesSwiftUI;
				PRODUCT_NAME = "$(TARGET_NAME)";
				SWIFT_VERSION = 5.0;
				TARGETED_DEVICE_FAMILY = "1,2";
			};
			name = Release;
		};
/* End XCBuildConfiguration section */

/* Begin XCConfigurationList section */
		16FC31D6264EBC9A0084C18A /* Build configuration list for PBXProject "FinancesSwiftUI" */ = {
			isa = XCConfigurationList;
			buildConfigurations = (
				16FC31E8264EBC9F0084C18A /* Debug */,
				16FC31E9264EBC9F0084C18A /* Release */,
			);
			defaultConfigurationIsVisible = 0;
			defaultConfigurationName = Release;
		};
		16FC31EA264EBC9F0084C18A /* Build configuration list for PBXNativeTarget "FinancesSwiftUI" */ = {
			isa = XCConfigurationList;
			buildConfigurations = (
				16FC31EB264EBC9F0084C18A /* Debug */,
				16FC31EC264EBC9F0084C18A /* Release */,
			);
			defaultConfigurationIsVisible = 0;
			defaultConfigurationName = Release;
		};
/* End XCConfigurationList section */

/* Begin XCVersionGroup section */
		161CE2C7265CBB8B00A459A4 /* ExpItems.xcdatamodeld */ = {
			isa = XCVersionGroup;
			children = (
				161CE2C8265CBB8B00A459A4 /* ExpItems.xcdatamodel */,
			);
			currentVersion = 161CE2C8265CBB8B00A459A4 /* ExpItems.xcdatamodel */;
			path = ExpItems.xcdatamodeld;
			sourceTree = "<group>";
			versionGroupType = wrapper.xcdatamodel;
		};
/* End XCVersionGroup section */
	};
	rootObject = 16FC31D3264EBC9A0084C18A /* Project object */;
}
